
Microsoft Visual Studio Solution File, Format Version 11.00
# Visual Studio 2010
Project("{FAE04EC0-301F-11D3-BF4B-00C04F79EFBC}") = "WitKeyDu.Component.Data", "WitKeyDu.Component.Data\WitKeyDu.Component.Data.csproj", "{D9D7CEB3-3F10-482F-9B96-08FB5378B786}"
EndProject
Project("{FAE04EC0-301F-11D3-BF4B-00C04F79EFBC}") = "WitKeyDu.Component.Tools", "WitKeyDu.Component.Tools\WitKeyDu.Component.Tools.csproj", "{8C011ED6-D755-40D0-8223-43B308F5EB6B}"
EndProject
Project("{FAE04EC0-301F-11D3-BF4B-00C04F79EFBC}") = "WitKeyDu.Core", "WitKeyDu.Core\WitKeyDu.Core.csproj", "{1082438F-3FCC-40FB-AF7F-D14C05A84D29}"
EndProject
Project("{FAE04EC0-301F-11D3-BF4B-00C04F79EFBC}") = "WitKeyDu.Core.Models", "WitKeyDu.Core.Models\WitKeyDu.Core.Models.csproj", "{FB77B3D9-C5A2-42BD-8942-9264F6003F12}"
EndProject
Project("{FAE04EC0-301F-11D3-BF4B-00C04F79EFBC}") = "WitKeyDu.Site", "WitKeyDu.Site\WitKeyDu.Site.csproj", "{D341A35E-7656-41EE-B5CC-8880A12B89B5}"
EndProject
Project("{FAE04EC0-301F-11D3-BF4B-00C04F79EFBC}") = "WitKeyDu.Site.Models", "WitKeyDu.Site.Models\WitKeyDu.Site.Models.csproj", "{4A535968-EBC2-42EA-BF02-C8E157A20E3F}"
EndProject
Project("{FAE04EC0-301F-11D3-BF4B-00C04F79EFBC}") = "WitKeyDu.Core.Data", "WitKeyDu.Core.Data\WitKeyDu.Core.Data.csproj", "{761686F6-93A6-4313-94D5-29DC65492EC0}"
EndProject
Project("{FAE04EC0-301F-11D3-BF4B-00C04F79EFBC}") = "WitKeyDu.Site.Web", "WitKeyDu.Site.Web\WitKeyDu.Site.Web.csproj", "{E02290B8-4525-4117-9CFB-DFBD4460D5D8}"
EndProject
Project("{2150E333-8FDC-42A3-9474-1A3956D46DE8}") = "1-Infrastructure（基础设施层）", "1-Infrastructure（基础设施层）", "{B3FEA028-19EF-4778-B9F1-C0E9D98EDAAE}"
EndProject
Project("{2150E333-8FDC-42A3-9474-1A3956D46DE8}") = "2-Core (业务核心层)", "2-Core (业务核心层)", "{7EF251EB-EEAF-4C43-957C-EC894BC41DC0}"
EndProject
Project("{2150E333-8FDC-42A3-9474-1A3956D46DE8}") = "3-Application (站点应用层)", "3-Application (站点应用层)", "{0B89301C-8114-4E1C-8ACD-65A8D94FB219}"
EndProject
Project("{2150E333-8FDC-42A3-9474-1A3956D46DE8}") = "4-Presentation (展现层)", "4-Presentation (展现层)", "{C9AD090A-8329-4C9F-97EE-F07D7010D315}"
EndProject
Global
	GlobalSection(SolutionConfigurationPlatforms) = preSolution
		Debug|Any CPU = Debug|Any CPU
		Release|Any CPU = Release|Any CPU
	EndGlobalSection
	GlobalSection(ProjectConfigurationPlatforms) = postSolution
		{D9D7CEB3-3F10-482F-9B96-08FB5378B786}.Debug|Any CPU.ActiveCfg = Debug|Any CPU
		{D9D7CEB3-3F10-482F-9B96-08FB5378B786}.Debug|Any CPU.Build.0 = Debug|Any CPU
		{D9D7CEB3-3F10-482F-9B96-08FB5378B786}.Release|Any CPU.ActiveCfg = Release|Any CPU
		{D9D7CEB3-3F10-482F-9B96-08FB5378B786}.Release|Any CPU.Build.0 = Release|Any CPU
		{8C011ED6-D755-40D0-8223-43B308F5EB6B}.Debug|Any CPU.ActiveCfg = Debug|Any CPU
		{8C011ED6-D755-40D0-8223-43B308F5EB6B}.Debug|Any CPU.Build.0 = Debug|Any CPU
		{8C011ED6-D755-40D0-8223-43B308F5EB6B}.Release|Any CPU.ActiveCfg = Release|Any CPU
		{8C011ED6-D755-40D0-8223-43B308F5EB6B}.Release|Any CPU.Build.0 = Release|Any CPU
		{1082438F-3FCC-40FB-AF7F-D14C05A84D29}.Debug|Any CPU.ActiveCfg = Debug|Any CPU
		{1082438F-3FCC-40FB-AF7F-D14C05A84D29}.Debug|Any CPU.Build.0 = Debug|Any CPU
		{1082438F-3FCC-40FB-AF7F-D14C05A84D29}.Release|Any CPU.ActiveCfg = Release|Any CPU
		{1082438F-3FCC-40FB-AF7F-D14C05A84D29}.Release|Any CPU.Build.0 = Release|Any CPU
		{FB77B3D9-C5A2-42BD-8942-9264F6003F12}.Debug|Any CPU.ActiveCfg = Debug|Any CPU
		{FB77B3D9-C5A2-42BD-8942-9264F6003F12}.Debug|Any CPU.Build.0 = Debug|Any CPU
		{FB77B3D9-C5A2-42BD-8942-9264F6003F12}.Release|Any CPU.ActiveCfg = Release|Any CPU
		{FB77B3D9-C5A2-42BD-8942-9264F6003F12}.Release|Any CPU.Build.0 = Release|Any CPU
		{D341A35E-7656-41EE-B5CC-8880A12B89B5}.Debug|Any CPU.ActiveCfg = Debug|Any CPU
		{D341A35E-7656-41EE-B5CC-8880A12B89B5}.Debug|Any CPU.Build.0 = Debug|Any CPU
		{D341A35E-7656-41EE-B5CC-8880A12B89B5}.Release|Any CPU.ActiveCfg = Release|Any CPU
		{D341A35E-7656-41EE-B5CC-8880A12B89B5}.Release|Any CPU.Build.0 = Release|Any CPU
		{4A535968-EBC2-42EA-BF02-C8E157A20E3F}.Debug|Any CPU.ActiveCfg = Debug|Any CPU
		{4A535968-EBC2-42EA-BF02-C8E157A20E3F}.Debug|Any CPU.Build.0 = Debug|Any CPU
		{4A535968-EBC2-42EA-BF02-C8E157A20E3F}.Release|Any CPU.ActiveCfg = Release|Any CPU
		{4A535968-EBC2-42EA-BF02-C8E157A20E3F}.Release|Any CPU.Build.0 = Release|Any CPU
		{761686F6-93A6-4313-94D5-29DC65492EC0}.Debug|Any CPU.ActiveCfg = Debug|Any CPU
		{761686F6-93A6-4313-94D5-29DC65492EC0}.Debug|Any CPU.Build.0 = Debug|Any CPU
		{761686F6-93A6-4313-94D5-29DC65492EC0}.Release|Any CPU.ActiveCfg = Release|Any CPU
		{761686F6-93A6-4313-94D5-29DC65492EC0}.Release|Any CPU.Build.0 = Release|Any CPU
		{E02290B8-4525-4117-9CFB-DFBD4460D5D8}.Debug|Any CPU.ActiveCfg = Debug|Any CPU
		{E02290B8-4525-4117-9CFB-DFBD4460D5D8}.Debug|Any CPU.Build.0 = Debug|Any CPU
		{E02290B8-4525-4117-9CFB-DFBD4460D5D8}.Release|Any CPU.ActiveCfg = Release|Any CPU
		{E02290B8-4525-4117-9CFB-DFBD4460D5D8}.Release|Any CPU.Build.0 = Release|Any CPU
	EndGlobalSection
	GlobalSection(SolutionProperties) = preSolution
		HideSolutionNode = FALSE
	EndGlobalSection
	GlobalSection(NestedProjects) = preSolution
		{8C011ED6-D755-40D0-8223-43B308F5EB6B} = {B3FEA028-19EF-4778-B9F1-C0E9D98EDAAE}
		{D9D7CEB3-3F10-482F-9B96-08FB5378B786} = {B3FEA028-19EF-4778-B9F1-C0E9D98EDAAE}
		{FB77B3D9-C5A2-42BD-8942-9264F6003F12} = {7EF251EB-EEAF-4C43-957C-EC894BC41DC0}
		{761686F6-93A6-4313-94D5-29DC65492EC0} = {7EF251EB-EEAF-4C43-957C-EC894BC41DC0}
		{1082438F-3FCC-40FB-AF7F-D14C05A84D29} = {7EF251EB-EEAF-4C43-957C-EC894BC41DC0}
		{4A535968-EBC2-42EA-BF02-C8E157A20E3F} = {0B89301C-8114-4E1C-8ACD-65A8D94FB219}
		{D341A35E-7656-41EE-B5CC-8880A12B89B5} = {0B89301C-8114-4E1C-8ACD-65A8D94FB219}
		{E02290B8-4525-4117-9CFB-DFBD4460D5D8} = {C9AD090A-8329-4C9F-97EE-F07D7010D315}
	EndGlobalSection
EndGlobal
